
Microsoft Visual Studio Solution File, Format Version 12.00
# Visual Studio 15
VisualStudioVersion = 15.0.27130.2026
MinimumVisualStudioVersion = 10.0.40219.1
Project("{FAE04EC0-301F-11D3-BF4B-00C04F79EFBC}") = "CryptoCoinMon.Android", "CryptoCoinMon\CryptoCoinMon.Android\CryptoCoinMon.Android.csproj", "{4CA4474A-96E6-49D9-9A45-AFFE2E471B66}"
EndProject
Project("{FAE04EC0-301F-11D3-BF4B-00C04F79EFBC}") = "CryptoCoinMon.iOS", "CryptoCoinMon\CryptoCoinMon.iOS\CryptoCoinMon.iOS.csproj", "{C23C939E-54EE-448E-955A-B428082FEE2E}"
EndProject
Project("{FAE04EC0-301F-11D3-BF4B-00C04F79EFBC}") = "CryptoCoinMon.UWP", "CryptoCoinMon\CryptoCoinMon.UWP\CryptoCoinMon.UWP.csproj", "{28B259BB-DE05-42A3-8B8E-4D82FA12B28E}"
EndProject
Project("{FAE04EC0-301F-11D3-BF4B-00C04F79EFBC}") = "CryptoCoinMon", "CryptoCoinMon\CryptoCoinMon\CryptoCoinMon.csproj", "{53637CAB-A0FB-4BC2-A8FB-DFE3B79D72F4}"
EndProject
Global
	GlobalSection(SolutionConfigurationPlatforms) = preSolution
		Ad-Hoc|Any CPU = Ad-Hoc|Any CPU
		Ad-Hoc|ARM = Ad-Hoc|ARM
		Ad-Hoc|iPhone = Ad-Hoc|iPhone
		Ad-Hoc|iPhoneSimulator = Ad-Hoc|iPhoneSimulator
		Ad-Hoc|x64 = Ad-Hoc|x64
		Ad-Hoc|x86 = Ad-Hoc|x86
		AppStore|Any CPU = AppStore|Any CPU
		AppStore|ARM = AppStore|ARM
		AppStore|iPhone = AppStore|iPhone
		AppStore|iPhoneSimulator = AppStore|iPhoneSimulator
		AppStore|x64 = AppStore|x64
		AppStore|x86 = AppStore|x86
		Debug|Any CPU = Debug|Any CPU
		Debug|ARM = Debug|ARM
		Debug|iPhone = Debug|iPhone
		Debug|iPhoneSimulator = Debug|iPhoneSimulator
		Debug|x64 = Debug|x64
		Debug|x86 = Debug|x86
		Release|Any CPU = Release|Any CPU
		Release|ARM = Release|ARM
		Release|iPhone = Release|iPhone
		Release|iPhoneSimulator = Release|iPhoneSimulator
		Release|x64 = Release|x64
		Release|x86 = Release|x86
	EndGlobalSection
	GlobalSection(ProjectConfigurationPlatforms) = postSolution
		{4CA4474A-96E6-49D9-9A45-AFFE2E471B66}.Ad-Hoc|Any CPU.ActiveCfg = Release|Any CPU
		{4CA4474A-96E6-49D9-9A45-AFFE2E471B66}.Ad-Hoc|Any CPU.Build.0 = Release|Any CPU
		{4CA4474A-96E6-49D9-9A45-AFFE2E471B66}.Ad-Hoc|Any CPU.Deploy.0 = Release|Any CPU
		{4CA4474A-96E6-49D9-9A45-AFFE2E471B66}.Ad-Hoc|ARM.ActiveCfg = Release|Any CPU
		{4CA4474A-96E6-49D9-9A45-AFFE2E471B66}.Ad-Hoc|ARM.Build.0 = Release|Any CPU
		{4CA4474A-96E6-49D9-9A45-AFFE2E471B66}.Ad-Hoc|ARM.Deploy.0 = Release|Any CPU
		{4CA4474A-96E6-49D9-9A45-AFFE2E471B66}.Ad-Hoc|iPhone.ActiveCfg = Release|Any CPU
		{4CA4474A-96E6-49D9-9A45-AFFE2E471B66}.Ad-Hoc|iPhone.Build.0 = Release|Any CPU
		{4CA4474A-96E6-49D9-9A45-AFFE2E471B66}.Ad-Hoc|iPhone.Deploy.0 = Release|Any CPU
		{4CA4474A-96E6-49D9-9A45-AFFE2E471B66}.Ad-Hoc|iPhoneSimulator.ActiveCfg = Release|Any CPU
		{4CA4474A-96E6-49D9-9A45-AFFE2E471B66}.Ad-Hoc|iPhoneSimulator.Build.0 = Release|Any CPU
		{4CA4474A-96E6-49D9-9A45-AFFE2E471B66}.Ad-Hoc|iPhoneSimulator.Deploy.0 = Release|Any CPU
		{4CA4474A-96E6-49D9-9A45-AFFE2E471B66}.Ad-Hoc|x64.ActiveCfg = Release|Any CPU
		{4CA4474A-96E6-49D9-9A45-AFFE2E471B66}.Ad-Hoc|x64.Build.0 = Release|Any CPU
		{4CA4474A-96E6-49D9-9A45-AFFE2E471B66}.Ad-Hoc|x64.Deploy.0 = Release|Any CPU
		{4CA4474A-96E6-49D9-9A45-AFFE2E471B66}.Ad-Hoc|x86.ActiveCfg = Release|Any CPU
		{4CA4474A-96E6-49D9-9A45-AFFE2E471B66}.Ad-Hoc|x86.Build.0 = Release|Any CPU
		{4CA4474A-96E6-49D9-9A45-AFFE2E471B66}.Ad-Hoc|x86.Deploy.0 = Release|Any CPU
		{4CA4474A-96E6-49D9-9A45-AFFE2E471B66}.AppStore|Any CPU.ActiveCfg = Release|Any CPU
		{4CA4474A-96E6-49D9-9A45-AFFE2E471B66}.AppStore|Any CPU.Build.0 = Release|Any CPU
		{4CA4474A-96E6-49D9-9A45-AFFE2E471B66}.AppStore|Any CPU.Deploy.0 = Release|Any CPU
		{4CA4474A-96E6-49D9-9A45-AFFE2E471B66}.AppStore|ARM.ActiveCfg = Release|Any CPU
		{4CA4474A-96E6-49D9-9A45-AFFE2E471B66}.AppStore|ARM.Build.0 = Release|Any CPU
		{4CA4474A-96E6-49D9-9A45-AFFE2E471B66}.AppStore|ARM.Deploy.0 = Release|Any CPU
		{4CA4474A-96E6-49D9-9A45-AFFE2E471B66}.AppStore|iPhone.ActiveCfg = Release|Any CPU
		{4CA4474A-96E6-49D9-9A45-AFFE2E471B66}.AppStore|iPhone.Build.0 = Release|Any CPU
		{4CA4474A-96E6-49D9-9A45-AFFE2E471B66}.AppStore|iPhone.Deploy.0 = Release|Any CPU
		{4CA4474A-96E6-49D9-9A45-AFFE2E471B66}.AppStore|iPhoneSimulator.ActiveCfg = Release|Any CPU
		{4CA4474A-96E6-49D9-9A45-AFFE2E471B66}.AppStore|iPhoneSimulator.Build.0 = Release|Any CPU
		{4CA4474A-96E6-49D9-9A45-AFFE2E471B66}.AppStore|iPhoneSimulator.Deploy.0 = Release|Any CPU
		{4CA4474A-96E6-49D9-9A45-AFFE2E471B66}.AppStore|x64.ActiveCfg = Release|Any CPU
		{4CA4474A-96E6-49D9-9A45-AFFE2E471B66}.AppStore|x64.Build.0 = Release|Any CPU
		{4CA4474A-96E6-49D9-9A45-AFFE2E471B66}.AppStore|x64.Deploy.0 = Release|Any CPU
		{4CA4474A-96E6-49D9-9A45-AFFE2E471B66}.AppStore|x86.ActiveCfg = Release|Any CPU
		{4CA4474A-96E6-49D9-9A45-AFFE2E471B66}.AppStore|x86.Build.0 = Release|Any CPU
		{4CA4474A-96E6-49D9-9A45-AFFE2E471B66}.AppStore|x86.Deploy.0 = Release|Any CPU
		{4CA4474A-96E6-49D9-9A45-AFFE2E471B66}.Debug|Any CPU.ActiveCfg = Debug|Any CPU
		{4CA4474A-96E6-49D9-9A45-AFFE2E471B66}.Debug|Any CPU.Build.0 = Debug|Any CPU
		{4CA4474A-96E6-49D9-9A45-AFFE2E471B66}.Debug|Any CPU.Deploy.0 = Debug|Any CPU
		{4CA4474A-96E6-49D9-9A45-AFFE2E471B66}.Debug|ARM.ActiveCfg = Debug|Any CPU
		{4CA4474A-96E6-49D9-9A45-AFFE2E471B66}.Debug|ARM.Build.0 = Debug|Any CPU
		{4CA4474A-96E6-49D9-9A45-AFFE2E471B66}.Debug|ARM.Deploy.0 = Debug|Any CPU
		{4CA4474A-96E6-49D9-9A45-AFFE2E471B66}.Debug|iPhone.ActiveCfg = Debug|Any CPU
		{4CA4474A-96E6-49D9-9A45-AFFE2E471B66}.Debug|iPhone.Build.0 = Debug|Any CPU
		{4CA4474A-96E6-49D9-9A45-AFFE2E471B66}.Debug|iPhone.Deploy.0 = Debug|Any CPU
		{4CA4474A-96E6-49D9-9A45-AFFE2E471B66}.Debug|iPhoneSimulator.ActiveCfg = Debug|Any CPU
		{4CA4474A-96E6-49D9-9A45-AFFE2E471B66}.Debug|iPhoneSimulator.Build.0 = Debug|Any CPU
		{4CA4474A-96E6-49D9-9A45-AFFE2E471B66}.Debug|iPhoneSimulator.Deploy.0 = Debug|Any CPU
		{4CA4474A-96E6-49D9-9A45-AFFE2E471B66}.Debug|x64.ActiveCfg = Debug|Any CPU
		{4CA4474A-96E6-49D9-9A45-AFFE2E471B66}.Debug|x64.Build.0 = Debug|Any CPU
		{4CA4474A-96E6-49D9-9A45-AFFE2E471B66}.Debug|x64.Deploy.0 = Debug|Any CPU
		{4CA4474A-96E6-49D9-9A45-AFFE2E471B66}.Debug|x86.ActiveCfg = Debug|Any CPU
		{4CA4474A-96E6-49D9-9A45-AFFE2E471B66}.Debug|x86.Build.0 = Debug|Any CPU
		{4CA4474A-96E6-49D9-9A45-AFFE2E471B66}.Debug|x86.Deploy.0 = Debug|Any CPU
		{4CA4474A-96E6-49D9-9A45-AFFE2E471B66}.Release|Any CPU.ActiveCfg = Release|Any CPU
		{4CA4474A-96E6-49D9-9A45-AFFE2E471B66}.Release|Any CPU.Build.0 = Release|Any CPU
		{4CA4474A-96E6-49D9-9A45-AFFE2E471B66}.Release|Any CPU.Deploy.0 = Release|Any CPU
		{4CA4474A-96E6-49D9-9A45-AFFE2E471B66}.Release|ARM.ActiveCfg = Release|Any CPU
		{4CA4474A-96E6-49D9-9A45-AFFE2E471B66}.Release|ARM.Build.0 = Release|Any CPU
		{4CA4474A-96E6-49D9-9A45-AFFE2E471B66}.Release|ARM.Deploy.0 = Release|Any CPU
		{4CA4474A-96E6-49D9-9A45-AFFE2E471B66}.Release|iPhone.ActiveCfg = Release|Any CPU
		{4CA4474A-96E6-49D9-9A45-AFFE2E471B66}.Release|iPhone.Build.0 = Release|Any CPU
		{4CA4474A-96E6-49D9-9A45-AFFE2E471B66}.Release|iPhone.Deploy.0 = Release|Any CPU
		{4CA4474A-96E6-49D9-9A45-AFFE2E471B66}.Release|iPhoneSimulator.ActiveCfg = Release|Any CPU
		{4CA4474A-96E6-49D9-9A45-AFFE2E471B66}.Release|iPhoneSimulator.Build.0 = Release|Any CPU
		{4CA4474A-96E6-49D9-9A45-AFFE2E471B66}.Release|iPhoneSimulator.Deploy.0 = Release|Any CPU
		{4CA4474A-96E6-49D9-9A45-AFFE2E471B66}.Release|x64.ActiveCfg = Release|Any CPU
		{4CA4474A-96E6-49D9-9A45-AFFE2E471B66}.Release|x64.Build.0 = Release|Any CPU
		{4CA4474A-96E6-49D9-9A45-AFFE2E471B66}.Release|x64.Deploy.0 = Release|Any CPU
		{4CA4474A-96E6-49D9-9A45-AFFE2E471B66}.Release|x86.ActiveCfg = Release|Any CPU
		{4CA4474A-96E6-49D9-9A45-AFFE2E471B66}.Release|x86.Build.0 = Release|Any CPU
		{4CA4474A-96E6-49D9-9A45-AFFE2E471B66}.Release|x86.Deploy.0 = Release|Any CPU
		{C23C939E-54EE-448E-955A-B428082FEE2E}.Ad-Hoc|Any CPU.ActiveCfg = Ad-Hoc|iPhone
		{C23C939E-54EE-448E-955A-B428082FEE2E}.Ad-Hoc|ARM.ActiveCfg = Ad-Hoc|iPhone
		{C23C939E-54EE-448E-955A-B428082FEE2E}.Ad-Hoc|iPhone.ActiveCfg = Ad-Hoc|iPhone
		{C23C939E-54EE-448E-955A-B428082FEE2E}.Ad-Hoc|iPhone.Build.0 = Ad-Hoc|iPhone
		{C23C939E-54EE-448E-955A-B428082FEE2E}.Ad-Hoc|iPhoneSimulator.ActiveCfg = Ad-Hoc|iPhoneSimulator
		{C23C939E-54EE-448E-955A-B428082FEE2E}.Ad-Hoc|iPhoneSimulator.Build.0 = Ad-Hoc|iPhoneSimulator
		{C23C939E-54EE-448E-955A-B428082FEE2E}.Ad-Hoc|x64.ActiveCfg = Ad-Hoc|iPhone
		{C23C939E-54EE-448E-955A-B428082FEE2E}.Ad-Hoc|x86.ActiveCfg = Ad-Hoc|iPhone
		{C23C939E-54EE-448E-955A-B428082FEE2E}.AppStore|Any CPU.ActiveCfg = AppStore|iPhone
		{C23C939E-54EE-448E-955A-B428082FEE2E}.AppStore|ARM.ActiveCfg = AppStore|iPhone
		{C23C939E-54EE-448E-955A-B428082FEE2E}.AppStore|iPhone.ActiveCfg = AppStore|iPhone
		{C23C939E-54EE-448E-955A-B428082FEE2E}.AppStore|iPhone.Build.0 = AppStore|iPhone
		{C23C939E-54EE-448E-955A-B428082FEE2E}.AppStore|iPhoneSimulator.ActiveCfg = AppStore|iPhoneSimulator
		{C23C939E-54EE-448E-955A-B428082FEE2E}.AppStore|iPhoneSimulator.Build.0 = AppStore|iPhoneSimulator
		{C23C939E-54EE-448E-955A-B428082FEE2E}.AppStore|x64.ActiveCfg = AppStore|iPhone
		{C23C939E-54EE-448E-955A-B428082FEE2E}.AppStore|x86.ActiveCfg = AppStore|iPhone
		{C23C939E-54EE-448E-955A-B428082FEE2E}.Debug|Any CPU.ActiveCfg = Debug|iPhone
		{C23C939E-54EE-448E-955A-B428082FEE2E}.Debug|ARM.ActiveCfg = Debug|iPhone
		{C23C939E-54EE-448E-955A-B428082FEE2E}.Debug|iPhone.ActiveCfg = Debug|iPhone
		{C23C939E-54EE-448E-955A-B428082FEE2E}.Debug|iPhone.Build.0 = Debug|iPhone
		{C23C939E-54EE-448E-955A-B428082FEE2E}.Debug|iPhoneSimulator.ActiveCfg = Debug|iPhoneSimulator
		{C23C939E-54EE-448E-955A-B428082FEE2E}.Debug|iPhoneSimulator.Build.0 = Debug|iPhoneSimulator
		{C23C939E-54EE-448E-955A-B428082FEE2E}.Debug|x64.ActiveCfg = Debug|iPhone
		{C23C939E-54EE-448E-955A-B428082FEE2E}.Debug|x86.ActiveCfg = Debug|iPhone
		{C23C939E-54EE-448E-955A-B428082FEE2E}.Release|Any CPU.ActiveCfg = Release|iPhone
		{C23C939E-54EE-448E-955A-B428082FEE2E}.Release|ARM.ActiveCfg = Release|iPhone
		{C23C939E-54EE-448E-955A-B428082FEE2E}.Release|iPhone.ActiveCfg = Release|iPhone
		{C23C939E-54EE-448E-955A-B428082FEE2E}.Release|iPhone.Build.0 = Release|iPhone
		{C23C939E-54EE-448E-955A-B428082FEE2E}.Release|iPhoneSimulator.ActiveCfg = Release|iPhoneSimulator
		{C23C939E-54EE-448E-955A-B428082FEE2E}.Release|iPhoneSimulator.Build.0 = Release|iPhoneSimulator
		{C23C939E-54EE-448E-955A-B428082FEE2E}.Release|x64.ActiveCfg = Release|iPhone
		{C23C939E-54EE-448E-955A-B428082FEE2E}.Release|x86.ActiveCfg = Release|iPhone
		{28B259BB-DE05-42A3-8B8E-4D82FA12B28E}.Ad-Hoc|Any CPU.ActiveCfg = Release|x86
		{28B259BB-DE05-42A3-8B8E-4D82FA12B28E}.Ad-Hoc|Any CPU.Build.0 = Release|x86
		{28B259BB-DE05-42A3-8B8E-4D82FA12B28E}.Ad-Hoc|Any CPU.Deploy.0 = Release|x86
		{28B259BB-DE05-42A3-8B8E-4D82FA12B28E}.Ad-Hoc|ARM.ActiveCfg = Release|ARM
		{28B259BB-DE05-42A3-8B8E-4D82FA12B28E}.Ad-Hoc|ARM.Build.0 = Release|ARM
		{28B259BB-DE05-42A3-8B8E-4D82FA12B28E}.Ad-Hoc|ARM.Deploy.0 = Release|ARM
		{28B259BB-DE05-42A3-8B8E-4D82FA12B28E}.Ad-Hoc|iPhone.ActiveCfg = Release|x86
		{28B259BB-DE05-42A3-8B8E-4D82FA12B28E}.Ad-Hoc|iPhone.Build.0 = Release|x86
		{28B259BB-DE05-42A3-8B8E-4D82FA12B28E}.Ad-Hoc|iPhone.Deploy.0 = Release|x86
		{28B259BB-DE05-42A3-8B8E-4D82FA12B28E}.Ad-Hoc|iPhoneSimulator.ActiveCfg = Release|x86
		{28B259BB-DE05-42A3-8B8E-4D82FA12B28E}.Ad-Hoc|iPhoneSimulator.Build.0 = Release|x86
		{28B259BB-DE05-42A3-8B8E-4D82FA12B28E}.Ad-Hoc|iPhoneSimulator.Deploy.0 = Release|x86
		{28B259BB-DE05-42A3-8B8E-4D82FA12B28E}.Ad-Hoc|x64.ActiveCfg = Release|x64
		{28B259BB-DE05-42A3-8B8E-4D82FA12B28E}.Ad-Hoc|x64.Build.0 = Release|x64
		{28B259BB-DE05-42A3-8B8E-4D82FA12B28E}.Ad-Hoc|x64.Deploy.0 = Release|x64
		{28B259BB-DE05-42A3-8B8E-4D82FA12B28E}.Ad-Hoc|x86.ActiveCfg = Release|x86
		{28B259BB-DE05-42A3-8B8E-4D82FA12B28E}.Ad-Hoc|x86.Build.0 = Release|x86
		{28B259BB-DE05-42A3-8B8E-4D82FA12B28E}.Ad-Hoc|x86.Deploy.0 = Release|x86
		{28B259BB-DE05-42A3-8B8E-4D82FA12B28E}.AppStore|Any CPU.ActiveCfg = Release|x86
		{28B259BB-DE05-42A3-8B8E-4D82FA12B28E}.AppStore|Any CPU.Build.0 = Release|x86
		{28B259BB-DE05-42A3-8B8E-4D82FA12B28E}.AppStore|Any CPU.Deploy.0 = Release|x86
		{28B259BB-DE05-42A3-8B8E-4D82FA12B28E}.AppStore|ARM.ActiveCfg = Release|ARM
		{28B259BB-DE05-42A3-8B8E-4D82FA12B28E}.AppStore|ARM.Build.0 = Release|ARM
		{28B259BB-DE05-42A3-8B8E-4D82FA12B28E}.AppStore|ARM.Deploy.0 = Release|ARM
		{28B259BB-DE05-42A3-8B8E-4D82FA12B28E}.AppStore|iPhone.ActiveCfg = Release|x86
		{28B259BB-DE05-42A3-8B8E-4D82FA12B28E}.AppStore|iPhone.Build.0 = Release|x86
		{28B259BB-DE05-42A3-8B8E-4D82FA12B28E}.AppStore|iPhone.Deploy.0 = Release|x86
		{28B259BB-DE05-42A3-8B8E-4D82FA12B28E}.AppStore|iPhoneSimulator.ActiveCfg = Release|x86
		{28B259BB-DE05-42A3-8B8E-4D82FA12B28E}.AppStore|iPhoneSimulator.Build.0 = Release|x86
		{28B259BB-DE05-42A3-8B8E-4D82FA12B28E}.AppStore|iPhoneSimulator.Deploy.0 = Release|x86
		{28B259BB-DE05-42A3-8B8E-4D82FA12B28E}.AppStore|x64.ActiveCfg = Release|x64
		{28B259BB-DE05-42A3-8B8E-4D82FA12B28E}.AppStore|x64.Build.0 = Release|x64
		{28B259BB-DE05-42A3-8B8E-4D82FA12B28E}.AppStore|x64.Deploy.0 = Release|x64
		{28B259BB-DE05-42A3-8B8E-4D82FA12B28E}.AppStore|x86.ActiveCfg = Release|x86
		{28B259BB-DE05-42A3-8B8E-4D82FA12B28E}.AppStore|x86.Build.0 = Release|x86
		{28B259BB-DE05-42A3-8B8E-4D82FA12B28E}.AppStore|x86.Deploy.0 = Release|x86
		{28B259BB-DE05-42A3-8B8E-4D82FA12B28E}.Debug|Any CPU.ActiveCfg = Debug|x86
		{28B259BB-DE05-42A3-8B8E-4D82FA12B28E}.Debug|ARM.ActiveCfg = Debug|ARM
		{28B259BB-DE05-42A3-8B8E-4D82FA12B28E}.Debug|ARM.Build.0 = Debug|ARM
		{28B259BB-DE05-42A3-8B8E-4D82FA12B28E}.Debug|ARM.Deploy.0 = Debug|ARM
		{28B259BB-DE05-42A3-8B8E-4D82FA12B28E}.Debug|iPhone.ActiveCfg = Debug|x86
		{28B259BB-DE05-42A3-8B8E-4D82FA12B28E}.Debug|iPhoneSimulator.ActiveCfg = Debug|x86
		{28B259BB-DE05-42A3-8B8E-4D82FA12B28E}.Debug|x64.ActiveCfg = Debug|x64
		{28B259BB-DE05-42A3-8B8E-4D82FA12B28E}.Debug|x64.Build.0 = Debug|x64
		{28B259BB-DE05-42A3-8B8E-4D82FA12B28E}.Debug|x64.Deploy.0 = Debug|x64
		{28B259BB-DE05-42A3-8B8E-4D82FA12B28E}.Debug|x86.ActiveCfg = Debug|x86
		{28B259BB-DE05-42A3-8B8E-4D82FA12B28E}.Debug|x86.Build.0 = Debug|x86
		{28B259BB-DE05-42A3-8B8E-4D82FA12B28E}.Debug|x86.Deploy.0 = Debug|x86
		{28B259BB-DE05-42A3-8B8E-4D82FA12B28E}.Release|Any CPU.ActiveCfg = Release|x86
		{28B259BB-DE05-42A3-8B8E-4D82FA12B28E}.Release|ARM.ActiveCfg = Release|ARM
		{28B259BB-DE05-42A3-8B8E-4D82FA12B28E}.Release|ARM.Build.0 = Release|ARM
		{28B259BB-DE05-42A3-8B8E-4D82FA12B28E}.Release|ARM.Deploy.0 = Release|ARM
		{28B259BB-DE05-42A3-8B8E-4D82FA12B28E}.Release|iPhone.ActiveCfg = Release|x86
		{28B259BB-DE05-42A3-8B8E-4D82FA12B28E}.Release|iPhoneSimulator.ActiveCfg = Release|x86
		{28B259BB-DE05-42A3-8B8E-4D82FA12B28E}.Release|x64.ActiveCfg = Release|x64
		{28B259BB-DE05-42A3-8B8E-4D82FA12B28E}.Release|x64.Build.0 = Release|x64
		{28B259BB-DE05-42A3-8B8E-4D82FA12B28E}.Release|x64.Deploy.0 = Release|x64
		{28B259BB-DE05-42A3-8B8E-4D82FA12B28E}.Release|x86.ActiveCfg = Release|x86
		{28B259BB-DE05-42A3-8B8E-4D82FA12B28E}.Release|x86.Build.0 = Release|x86
		{28B259BB-DE05-42A3-8B8E-4D82FA12B28E}.Release|x86.Deploy.0 = Release|x86
		{53637CAB-A0FB-4BC2-A8FB-DFE3B79D72F4}.Ad-Hoc|Any CPU.ActiveCfg = Debug|Any CPU
		{53637CAB-A0FB-4BC2-A8FB-DFE3B79D72F4}.Ad-Hoc|Any CPU.Build.0 = Debug|Any CPU
		{53637CAB-A0FB-4BC2-A8FB-DFE3B79D72F4}.Ad-Hoc|ARM.ActiveCfg = Debug|Any CPU
		{53637CAB-A0FB-4BC2-A8FB-DFE3B79D72F4}.Ad-Hoc|ARM.Build.0 = Debug|Any CPU
		{53637CAB-A0FB-4BC2-A8FB-DFE3B79D72F4}.Ad-Hoc|iPhone.ActiveCfg = Debug|Any CPU
		{53637CAB-A0FB-4BC2-A8FB-DFE3B79D72F4}.Ad-Hoc|iPhone.Build.0 = Debug|Any CPU
		{53637CAB-A0FB-4BC2-A8FB-DFE3B79D72F4}.Ad-Hoc|iPhoneSimulator.ActiveCfg = Debug|Any CPU
		{53637CAB-A0FB-4BC2-A8FB-DFE3B79D72F4}.Ad-Hoc|iPhoneSimulator.Build.0 = Debug|Any CPU
		{53637CAB-A0FB-4BC2-A8FB-DFE3B79D72F4}.Ad-Hoc|x64.ActiveCfg = Debug|Any CPU
		{53637CAB-A0FB-4BC2-A8FB-DFE3B79D72F4}.Ad-Hoc|x64.Build.0 = Debug|Any CPU
		{53637CAB-A0FB-4BC2-A8FB-DFE3B79D72F4}.Ad-Hoc|x86.ActiveCfg = Debug|Any CPU
		{53637CAB-A0FB-4BC2-A8FB-DFE3B79D72F4}.Ad-Hoc|x86.Build.0 = Debug|Any CPU
		{53637CAB-A0FB-4BC2-A8FB-DFE3B79D72F4}.AppStore|Any CPU.ActiveCfg = Debug|Any CPU
		{53637CAB-A0FB-4BC2-A8FB-DFE3B79D72F4}.AppStore|Any CPU.Build.0 = Debug|Any CPU
		{53637CAB-A0FB-4BC2-A8FB-DFE3B79D72F4}.AppStore|ARM.ActiveCfg = Debug|Any CPU
		{53637CAB-A0FB-4BC2-A8FB-DFE3B79D72F4}.AppStore|ARM.Build.0 = Debug|Any CPU
		{53637CAB-A0FB-4BC2-A8FB-DFE3B79D72F4}.AppStore|iPhone.ActiveCfg = Debug|Any CPU
		{53637CAB-A0FB-4BC2-A8FB-DFE3B79D72F4}.AppStore|iPhone.Build.0 = Debug|Any CPU
		{53637CAB-A0FB-4BC2-A8FB-DFE3B79D72F4}.AppStore|iPhoneSimulator.ActiveCfg = Debug|Any CPU
		{53637CAB-A0FB-4BC2-A8FB-DFE3B79D72F4}.AppStore|iPhoneSimulator.Build.0 = Debug|Any CPU
		{53637CAB-A0FB-4BC2-A8FB-DFE3B79D72F4}.AppStore|x64.ActiveCfg = Debug|Any CPU
		{53637CAB-A0FB-4BC2-A8FB-DFE3B79D72F4}.AppStore|x64.Build.0 = Debug|Any CPU
		{53637CAB-A0FB-4BC2-A8FB-DFE3B79D72F4}.AppStore|x86.ActiveCfg = Debug|Any CPU
		{53637CAB-A0FB-4BC2-A8FB-DFE3B79D72F4}.AppStore|x86.Build.0 = Debug|Any CPU
		{53637CAB-A0FB-4BC2-A8FB-DFE3B79D72F4}.Debug|Any CPU.ActiveCfg = Debug|Any CPU
		{53637CAB-A0FB-4BC2-A8FB-DFE3B79D72F4}.Debug|Any CPU.Build.0 = Debug|Any CPU
		{53637CAB-A0FB-4BC2-A8FB-DFE3B79D72F4}.Debug|ARM.ActiveCfg = Debug|Any CPU
		{53637CAB-A0FB-4BC2-A8FB-DFE3B79D72F4}.Debug|ARM.Build.0 = Debug|Any CPU
		{53637CAB-A0FB-4BC2-A8FB-DFE3B79D72F4}.Debug|iPhone.ActiveCfg = Debug|Any CPU
		{53637CAB-A0FB-4BC2-A8FB-DFE3B79D72F4}.Debug|iPhone.Build.0 = Debug|Any CPU
		{53637CAB-A0FB-4BC2-A8FB-DFE3B79D72F4}.Debug|iPhoneSimulator.ActiveCfg = Debug|Any CPU
		{53637CAB-A0FB-4BC2-A8FB-DFE3B79D72F4}.Debug|iPhoneSimulator.Build.0 = Debug|Any CPU
		{53637CAB-A0FB-4BC2-A8FB-DFE3B79D72F4}.Debug|x64.ActiveCfg = Debug|Any CPU
		{53637CAB-A0FB-4BC2-A8FB-DFE3B79D72F4}.Debug|x64.Build.0 = Debug|Any CPU
		{53637CAB-A0FB-4BC2-A8FB-DFE3B79D72F4}.Debug|x86.ActiveCfg = Debug|Any CPU
		{53637CAB-A0FB-4BC2-A8FB-DFE3B79D72F4}.Debug|x86.Build.0 = Debug|Any CPU
		{53637CAB-A0FB-4BC2-A8FB-DFE3B79D72F4}.Release|Any CPU.ActiveCfg = Release|Any CPU
		{53637CAB-A0FB-4BC2-A8FB-DFE3B79D72F4}.Release|Any CPU.Build.0 = Release|Any CPU
		{53637CAB-A0FB-4BC2-A8FB-DFE3B79D72F4}.Release|ARM.ActiveCfg = Release|Any CPU
		{53637CAB-A0FB-4BC2-A8FB-DFE3B79D72F4}.Release|ARM.Build.0 = Release|Any CPU
		{53637CAB-A0FB-4BC2-A8FB-DFE3B79D72F4}.Release|iPhone.ActiveCfg = Release|Any CPU
		{53637CAB-A0FB-4BC2-A8FB-DFE3B79D72F4}.Release|iPhone.Build.0 = Release|Any CPU
		{53637CAB-A0FB-4BC2-A8FB-DFE3B79D72F4}.Release|iPhoneSimulator.ActiveCfg = Release|Any CPU
		{53637CAB-A0FB-4BC2-A8FB-DFE3B79D72F4}.Release|iPhoneSimulator.Build.0 = Release|Any CPU
		{53637CAB-A0FB-4BC2-A8FB-DFE3B79D72F4}.Release|x64.ActiveCfg = Release|Any CPU
		{53637CAB-A0FB-4BC2-A8FB-DFE3B79D72F4}.Release|x64.Build.0 = Release|Any CPU
		{53637CAB-A0FB-4BC2-A8FB-DFE3B79D72F4}.Release|x86.ActiveCfg = Release|Any CPU
		{53637CAB-A0FB-4BC2-A8FB-DFE3B79D72F4}.Release|x86.Build.0 = Release|Any CPU
	EndGlobalSection
	GlobalSection(SolutionProperties) = preSolution
		HideSolutionNode = FALSE
	EndGlobalSection
	GlobalSection(ExtensibilityGlobals) = postSolution
		SolutionGuid = {45847827-8A8E-4B34-9A2C-0A3D2D82E345}
	EndGlobalSection
EndGlobal
